// !$*UTF8*$!
{
	archiveVersion = 1;
	classes = {
	};
	objectVersion = 77;
	objects = {

/* Begin PBXBuildFile section */
		14969BD4FB00460A0BA1D53D /* FirebaseAuth in Frameworks */ = {isa = PBXBuildFile; productRef = 289B945A8DF118385245167C /* FirebaseAuth */; };
		56B52A621D29E434CC130700 /* FirebaseFirestore in Frameworks */ = {isa = PBXBuildFile; productRef = 87C66D333AE065E762965005 /* FirebaseFirestore */; };
		5DA79BAB2FD9B84A00B75844 /* FirebaseAI in Frameworks */ = {isa = PBXBuildFile; productRef = 5DA79BAA2FD9B84A00B75844 /* FirebaseAI */; };
		5DA79BAD2FD9B84A00B75844 /* FirebaseAnalytics in Frameworks */ = {isa = PBXBuildFile; productRef = 5DA79BAC2FD9B84A00B75844 /* FirebaseAnalytics */; };
		5DA79BAF2FD9B84A00B75844 /* FirebaseAnalyticsCore in Frameworks */ = {isa = PBXBuildFile; productRef = 5DA79BAE2FD9B84A00B75844 /* FirebaseAnalyticsCore */; };
		5DA79BB12FD9B84A00B75844 /* FirebaseAnalyticsIdentitySupport in Frameworks */ = {isa = PBXBuildFile; productRef = 5DA79BB02FD9B84A00B75844 /* FirebaseAnalyticsIdentitySupport */; };
		5DA79BB52FD9B84A00B75844 /* FirebaseAnalyticsWithoutAdIdSupport in Frameworks */ = {isa = PBXBuildFile; productRef = 5DA79BB42FD9B84A00B75844 /* FirebaseAnalyticsWithoutAdIdSupport */; };
		5DA79BB72FD9B84A00B75844 /* FirebaseAppCheck in Frameworks */ = {isa = PBXBuildFile; productRef = 5DA79BB62FD9B84A00B75844 /* FirebaseAppCheck */; };
		5DA79BB92FD9B84A00B75844 /* FirebaseAppDistribution-Beta in Frameworks */ = {isa = PBXBuildFile; productRef = 5DA79BB82FD9B84A00B75844 /* FirebaseAppDistribution-Beta */; };
		5DA79BBB2FD9B85000B75844 /* FirebaseAuthCombine-Community in Frameworks */ = {isa = PBXBuildFile; productRef = 5DA79BBA2FD9B85000B75844 /* FirebaseAuthCombine-Community */; };
		5DA79BBD2FD9B85800B75844 /* FirebaseCrashlytics in Frameworks */ = {isa = PBXBuildFile; productRef = 5DA79BBC2FD9B85800B75844 /* FirebaseCrashlytics */; };
		5DA79BBF2FD9B85800B75844 /* FirebaseDatabase in Frameworks */ = {isa = PBXBuildFile; productRef = 5DA79BBE2FD9B85800B75844 /* FirebaseDatabase */; };
		5DA79BC12FD9B85800B75844 /* FirebaseDynamicLinks in Frameworks */ = {isa = PBXBuildFile; productRef = 5DA79BC02FD9B85800B75844 /* FirebaseDynamicLinks */; };
		5DA79BC32FD9B86200B75844 /* FirebaseFirestoreCombine-Community in Frameworks */ = {isa = PBXBuildFile; productRef = 5DA79BC22FD9B86200B75844 /* FirebaseFirestoreCombine-Community */; };
		5DA79BC52FD9B86200B75844 /* FirebaseFunctions in Frameworks */ = {isa = PBXBuildFile; productRef = 5DA79BC42FD9B86200B75844 /* FirebaseFunctions */; };
		5DA79BC72FD9B86200B75844 /* FirebaseFunctionsCombine-Community in Frameworks */ = {isa = PBXBuildFile; productRef = 5DA79BC62FD9B86200B75844 /* FirebaseFunctionsCombine-Community */; };
		5DA79BC92FD9B86200B75844 /* FirebaseInAppMessaging-Beta in Frameworks */ = {isa = PBXBuildFile; productRef = 5DA79BC82FD9B86200B75844 /* FirebaseInAppMessaging-Beta */; };
		5DA79BCB2FD9B86200B75844 /* FirebaseInstallations in Frameworks */ = {isa = PBXBuildFile; productRef = 5DA79BCA2FD9B86200B75844 /* FirebaseInstallations */; };
		5DA79BCD2FD9B86200B75844 /* FirebaseMessaging in Frameworks */ = {isa = PBXBuildFile; productRef = 5DA79BCC2FD9B86200B75844 /* FirebaseMessaging */; };
		5DA79BCF2FD9B86200B75844 /* FirebaseMLModelDownloader in Frameworks */ = {isa = PBXBuildFile; productRef = 5DA79BCE2FD9B86200B75844 /* FirebaseMLModelDownloader */; };
		5DA79BD12FD9B86200B75844 /* FirebasePerformance in Frameworks */ = {isa = PBXBuildFile; productRef = 5DA79BD02FD9B86200B75844 /* FirebasePerformance */; };
		5DA79BD32FD9B86200B75844 /* FirebaseRemoteConfig in Frameworks */ = {isa = PBXBuildFile; productRef = 5DA79BD22FD9B86200B75844 /* FirebaseRemoteConfig */; };
		5DA79BD52FD9B86200B75844 /* FirebaseStorage in Frameworks */ = {isa = PBXBuildFile; productRef = 5DA79BD42FD9B86200B75844 /* FirebaseStorage */; };
		5DA79BD72FD9B86200B75844 /* FirebaseStorageCombine-Community in Frameworks */ = {isa = PBXBuildFile; productRef = 5DA79BD62FD9B86200B75844 /* FirebaseStorageCombine-Community */; };
		6B0EA2CD3DE408DF466E8DA8 /* FirebaseAuth in Frameworks */ = {isa = PBXBuildFile; productRef = EEB2F0E9C43697AA7E692B41 /* FirebaseAuth */; };
		7B1F103611A491A7160834D9 /* GoogleService-Info.plist in Resources */ = {isa = PBXBuildFile; fileRef = 13F240B8D6552F92E021B32A /* GoogleService-Info.plist */; };
		7F773C8200485C677FFD025C /* FirebaseCore in Frameworks */ = {isa = PBXBuildFile; productRef = CA93B27ED8A7E1DDA31D95C7 /* FirebaseCore */; };
		8028A00E81334295124919CC /* FirebaseCore in Frameworks */ = {isa = PBXBuildFile; productRef = 824504D1351C602448D9306A /* FirebaseCore */; };
		C357FF484CC268AC4E080C00 /* FirebaseFirestore in Frameworks */ = {isa = PBXBuildFile; productRef = C0ED0FF2C20656D26DD615CB /* FirebaseFirestore */; };
/* End PBXBuildFile section */

/* Begin PBXContainerItemProxy section */
		5D07A93B2FD7F1AC005C6995 /* PBXContainerItemProxy */ = {
			isa = PBXContainerItemProxy;
			containerPortal = 5D07A9252FD7F1AA005C6995 /* Project object */;
			proxyType = 1;
			remoteGlobalIDString = 5D07A92C2FD7F1AA005C6995;
			remoteInfo = EVO_ALPSE;
		};
		5D07A9452FD7F1AC005C6995 /* PBXContainerItemProxy */ = {
			isa = PBXContainerItemProxy;
			containerPortal = 5D07A9252FD7F1AA005C6995 /* Project object */;
			proxyType = 1;
			remoteGlobalIDString = 5D07A92C2FD7F1AA005C6995;
			remoteInfo = EVO_ALPSE;
		};
/* End PBXContainerItemProxy section */

/* Begin PBXFileReference section */
		13F240B8D6552F92E021B32A /* GoogleService-Info.plist */ = {isa = PBXFileReference; explicitFileType = text.plist; path = "GoogleService-Info.plist"; sourceTree = "<group>"; };
		5D07A92D2FD7F1AA005C6995 /* EVO_ALPSE.app */ = {isa = PBXFileReference; explicitFileType = wrapper.application; includeInIndex = 0; path = EVO_ALPSE.app; sourceTree = BUILT_PRODUCTS_DIR; };
		5D07A93A2FD7F1AC005C6995 /* EVO_ALPSETests.xctest */ = {isa = PBXFileReference; explicitFileType = wrapper.cfbundle; includeInIndex = 0; path = EVO_ALPSETests.xctest; sourceTree = BUILT_PRODUCTS_DIR; };
		5D07A9442FD7F1AC005C6995 /* EVO_ALPSEUITests.xctest */ = {isa = PBXFileReference; explicitFileType = wrapper.cfbundle; includeInIndex = 0; path = EVO_ALPSEUITests.xctest; sourceTree = BUILT_PRODUCTS_DIR; };
/* End PBXFileReference section */

/* Begin PBXFileSystemSynchronizedRootGroup section */
		5D07A92F2FD7F1AA005C6995 /* EVO_ALPSE */ = {
			isa = PBXFileSystemSynchronizedRootGroup;
			path = EVO_ALPSE;
			sourceTree = "<group>";
		};
		5D07A93D2FD7F1AC005C6995 /* EVO_ALPSETests */ = {
			isa = PBXFileSystemSynchronizedRootGroup;
			path = EVO_ALPSETests;
			sourceTree = "<group>";
		};
		5D07A9472FD7F1AC005C6995 /* EVO_ALPSEUITests */ = {
			isa = PBXFileSystemSynchronizedRootGroup;
			path = EVO_ALPSEUITests;
			sourceTree = "<group>";
		};
/* End PBXFileSystemSynchronizedRootGroup section */

/* Begin PBXFrameworksBuildPhase section */
		5D07A92A2FD7F1AA005C6995 /* Frameworks */ = {
			isa = PBXFrameworksBuildPhase;
			buildActionMask = 2147483647;
			files = (
				5DA79BC52FD9B86200B75844 /* FirebaseFunctions in Frameworks */,
				7F773C8200485C677FFD025C /* FirebaseCore in Frameworks */,
				5DA79BAF2FD9B84A00B75844 /* FirebaseAnalyticsCore in Frameworks */,
				5DA79BD52FD9B86200B75844 /* FirebaseStorage in Frameworks */,
				5DA79BAB2FD9B84A00B75844 /* FirebaseAI in Frameworks */,
				5DA79BB12FD9B84A00B75844 /* FirebaseAnalyticsIdentitySupport in Frameworks */,
				14969BD4FB00460A0BA1D53D /* FirebaseAuth in Frameworks */,
				5DA79BAD2FD9B84A00B75844 /* FirebaseAnalytics in Frameworks */,
				5DA79BCF2FD9B86200B75844 /* FirebaseMLModelDownloader in Frameworks */,
				56B52A621D29E434CC130700 /* FirebaseFirestore in Frameworks */,
				5DA79BBB2FD9B85000B75844 /* FirebaseAuthCombine-Community in Frameworks */,
				5DA79BCD2FD9B86200B75844 /* FirebaseMessaging in Frameworks */,
				5DA79BB52FD9B84A00B75844 /* FirebaseAnalyticsWithoutAdIdSupport in Frameworks */,
				5DA79BC32FD9B86200B75844 /* FirebaseFirestoreCombine-Community in Frameworks */,
				5DA79BC92FD9B86200B75844 /* FirebaseInAppMessaging-Beta in Frameworks */,
				5DA79BC72FD9B86200B75844 /* FirebaseFunctionsCombine-Community in Frameworks */,
				5DA79BD72FD9B86200B75844 /* FirebaseStorageCombine-Community in Frameworks */,
				5DA79BD32FD9B86200B75844 /* FirebaseRemoteConfig in Frameworks */,
				5DA79BBD2FD9B85800B75844 /* FirebaseCrashlytics in Frameworks */,
				5DA79BB72FD9B84A00B75844 /* FirebaseAppCheck in Frameworks */,
				5DA79BD12FD9B86200B75844 /* FirebasePerformance in Frameworks */,
				5DA79BB92FD9B84A00B75844 /* FirebaseAppDistribution-Beta in Frameworks */,
				5DA79BBF2FD9B85800B75844 /* FirebaseDatabase in Frameworks */,
				5DA79BC12FD9B85800B75844 /* FirebaseDynamicLinks in Frameworks */,
				5DA79BCB2FD9B86200B75844 /* FirebaseInstallations in Frameworks */,
			);
			runOnlyForDeploymentPostprocessing = 0;
		};
		5D07A9372FD7F1AC005C6995 /* Frameworks */ = {
			isa = PBXFrameworksBuildPhase;
			buildActionMask = 2147483647;
			files = (
			);
			runOnlyForDeploymentPostprocessing = 0;
		};
		5D07A9412FD7F1AC005C6995 /* Frameworks */ = {
			isa = PBXFrameworksBuildPhase;
			buildActionMask = 2147483647;
			files = (
				8028A00E81334295124919CC /* FirebaseCore in Frameworks */,
				6B0EA2CD3DE408DF466E8DA8 /* FirebaseAuth in Frameworks */,
				C357FF484CC268AC4E080C00 /* FirebaseFirestore in Frameworks */,
			);
			runOnlyForDeploymentPostprocessing = 0;
		};
/* End PBXFrameworksBuildPhase section */

/* Begin PBXGroup section */
		5D07A9242FD7F1AA005C6995 = {
			isa = PBXGroup;
			children = (
				5D07A92F2FD7F1AA005C6995 /* EVO_ALPSE */,
				5D07A93D2FD7F1AC005C6995 /* EVO_ALPSETests */,
				5D07A9472FD7F1AC005C6995 /* EVO_ALPSEUITests */,
				5D07A92E2FD7F1AA005C6995 /* Products */,
				13F240B8D6552F92E021B32A /* GoogleService-Info.plist */,
				5DA79BA92FD9B84A00B75844 /* Frameworks */,
			);
			sourceTree = "<group>";
		};
		5D07A92E2FD7F1AA005C6995 /* Products */ = {
			isa = PBXGroup;
			children = (
				5D07A92D2FD7F1AA005C6995 /* EVO_ALPSE.app */,
				5D07A93A2FD7F1AC005C6995 /* EVO_ALPSETests.xctest */,
				5D07A9442FD7F1AC005C6995 /* EVO_ALPSEUITests.xctest */,
			);
			name = Products;
			sourceTree = "<group>";
		};
		5DA79BA92FD9B84A00B75844 /* Frameworks */ = {
			isa = PBXGroup;
			children = (
			);
			name = Frameworks;
			sourceTree = "<group>";
		};
/* End PBXGroup section */

/* Begin PBXNativeTarget section */
		5D07A92C2FD7F1AA005C6995 /* EVO_ALPSE */ = {
			isa = PBXNativeTarget;
			buildConfigurationList = 5D07A94E2FD7F1AC005C6995 /* Build configuration list for PBXNativeTarget "EVO_ALPSE" */;
			buildPhases = (
				5D07A9292FD7F1AA005C6995 /* Sources */,
				5D07A92A2FD7F1AA005C6995 /* Frameworks */,
				5D07A92B2FD7F1AA005C6995 /* Resources */,
			);
			buildRules = (
			);
			dependencies = (
			);
			fileSystemSynchronizedGroups = (
				5D07A92F2FD7F1AA005C6995 /* EVO_ALPSE */,
			);
			name = EVO_ALPSE;
			packageProductDependencies = (
				CA93B27ED8A7E1DDA31D95C7 /* FirebaseCore */,
				289B945A8DF118385245167C /* FirebaseAuth */,
				87C66D333AE065E762965005 /* FirebaseFirestore */,
				5DA79BAA2FD9B84A00B75844 /* FirebaseAI */,
				5DA79BAC2FD9B84A00B75844 /* FirebaseAnalytics */,
				5DA79BAE2FD9B84A00B75844 /* FirebaseAnalyticsCore */,
				5DA79BB02FD9B84A00B75844 /* FirebaseAnalyticsIdentitySupport */,
				5DA79BB42FD9B84A00B75844 /* FirebaseAnalyticsWithoutAdIdSupport */,
				5DA79BB62FD9B84A00B75844 /* FirebaseAppCheck */,
				5DA79BB82FD9B84A00B75844 /* FirebaseAppDistribution-Beta */,
				5DA79BBA2FD9B85000B75844 /* FirebaseAuthCombine-Community */,
				5DA79BBC2FD9B85800B75844 /* FirebaseCrashlytics */,
				5DA79BBE2FD9B85800B75844 /* FirebaseDatabase */,
				5DA79BC02FD9B85800B75844 /* FirebaseDynamicLinks */,
				5DA79BC22FD9B86200B75844 /* FirebaseFirestoreCombine-Community */,
				5DA79BC42FD9B86200B75844 /* FirebaseFunctions */,
				5DA79BC62FD9B86200B75844 /* FirebaseFunctionsCombine-Community */,
				5DA79BC82FD9B86200B75844 /* FirebaseInAppMessaging-Beta */,
				5DA79BCA2FD9B86200B75844 /* FirebaseInstallations */,
				5DA79BCC2FD9B86200B75844 /* FirebaseMessaging */,
				5DA79BCE2FD9B86200B75844 /* FirebaseMLModelDownloader */,
				5DA79BD02FD9B86200B75844 /* FirebasePerformance */,
				5DA79BD22FD9B86200B75844 /* FirebaseRemoteConfig */,
				5DA79BD42FD9B86200B75844 /* FirebaseStorage */,
				5DA79BD62FD9B86200B75844 /* FirebaseStorageCombine-Community */,
			);
			productName = EVO_ALPSE;
			productReference = 5D07A92D2FD7F1AA005C6995 /* EVO_ALPSE.app */;
			productType = "com.apple.product-type.application";
		};
		5D07A9392FD7F1AC005C6995 /* EVO_ALPSETests */ = {
			isa = PBXNativeTarget;
			buildConfigurationList = 5D07A9512FD7F1AC005C6995 /* Build configuration list for PBXNativeTarget "EVO_ALPSETests" */;
			buildPhases = (
				5D07A9362FD7F1AC005C6995 /* Sources */,
				5D07A9372FD7F1AC005C6995 /* Frameworks */,
				5D07A9382FD7F1AC005C6995 /* Resources */,
			);
			buildRules = (
			);
			dependencies = (
				5D07A93C2FD7F1AC005C6995 /* PBXTargetDependency */,
			);
			fileSystemSynchronizedGroups = (
				5D07A93D2FD7F1AC005C6995 /* EVO_ALPSETests */,
			);
			name = EVO_ALPSETests;
			packageProductDependencies = (
			);
			productName = EVO_ALPSETests;
			productReference = 5D07A93A2FD7F1AC005C6995 /* EVO_ALPSETests.xctest */;
			productType = "com.apple.product-type.bundle.unit-test";
		};
		5D07A9432FD7F1AC005C6995 /* EVO_ALPSEUITests */ = {
			isa = PBXNativeTarget;
			buildConfigurationList = 5D07A9542FD7F1AC005C6995 /* Build configuration list for PBXNativeTarget "EVO_ALPSEUITests" */;
			buildPhases = (
				5D07A9402FD7F1AC005C6995 /* Sources */,
				5D07A9412FD7F1AC005C6995 /* Frameworks */,
				5D07A9422FD7F1AC005C6995 /* Resources */,
			);
			buildRules = (
			);
			dependencies = (
				5D07A9462FD7F1AC005C6995 /* PBXTargetDependency */,
			);
			fileSystemSynchronizedGroups = (
				5D07A9472FD7F1AC005C6995 /* EVO_ALPSEUITests */,
			);
			name = EVO_ALPSEUITests;
			packageProductDependencies = (
				824504D1351C602448D9306A /* FirebaseCore */,
				EEB2F0E9C43697AA7E692B41 /* FirebaseAuth */,
				C0ED0FF2C20656D26DD615CB /* FirebaseFirestore */,
			);
			productName = EVO_ALPSEUITests;
			productReference = 5D07A9442FD7F1AC005C6995 /* EVO_ALPSEUITests.xctest */;
			productType = "com.apple.product-type.bundle.ui-testing";
		};
/* End PBXNativeTarget section */

/* Begin PBXProject section */
		5D07A9252FD7F1AA005C6995 /* Project object */ = {
			isa = PBXProject;
			attributes = {
				BuildIndependentTargetsInParallel = 1;
				LastSwiftUpdateCheck = 1640;
				LastUpgradeCheck = 1640;
				TargetAttributes = {
					5D07A92C2FD7F1AA005C6995 = {
						CreatedOnToolsVersion = 16.4;
					};
					5D07A9392FD7F1AC005C6995 = {
						CreatedOnToolsVersion = 16.4;
						TestTargetID = 5D07A92C2FD7F1AA005C6995;
					};
					5D07A9432FD7F1AC005C6995 = {
						CreatedOnToolsVersion = 16.4;
						TestTargetID = 5D07A92C2FD7F1AA005C6995;
					};
				};
			};
			buildConfigurationList = 5D07A9282FD7F1AA005C6995 /* Build configuration list for PBXProject "EVO_ALPSE" */;
			developmentRegion = en;
			hasScannedForEncodings = 0;
			knownRegions = (
				en,
				Base,
			);
			mainGroup = 5D07A9242FD7F1AA005C6995;
			minimizedProjectReferenceProxies = 1;
			packageReferences = (
				98E9D188B58DA9499CA33A12 /* XCRemoteSwiftPackageReference "firebase-ios-sdk" */,
			);
			preferredProjectObjectVersion = 77;
			productRefGroup = 5D07A92E2FD7F1AA005C6995 /* Products */;
			projectDirPath = "";
			projectRoot = "";
			targets = (
				5D07A92C2FD7F1AA005C6995 /* EVO_ALPSE */,
				5D07A9392FD7F1AC005C6995 /* EVO_ALPSETests */,
				5D07A9432FD7F1AC005C6995 /* EVO_ALPSEUITests */,
			);
		};
/* End PBXProject section */

/* Begin PBXResourcesBuildPhase section */
		5D07A92B2FD7F1AA005C6995 /* Resources */ = {
			isa = PBXResourcesBuildPhase;
			buildActionMask = 2147483647;
			files = (
				7B1F103611A491A7160834D9 /* GoogleService-Info.plist in Resources */,
			);
			runOnlyForDeploymentPostprocessing = 0;
		};
		5D07A9382FD7F1AC005C6995 /* Resources */ = {
			isa = PBXResourcesBuildPhase;
			buildActionMask = 2147483647;
			files = (
			);
			runOnlyForDeploymentPostprocessing = 0;
		};
		5D07A9422FD7F1AC005C6995 /* Resources */ = {
			isa = PBXResourcesBuildPhase;
			buildActionMask = 2147483647;
			files = (
			);
			runOnlyForDeploymentPostprocessing = 0;
		};
/* End PBXResourcesBuildPhase section */

/* Begin PBXSourcesBuildPhase section */
		5D07A9292FD7F1AA005C6995 /* Sources */ = {
			isa = PBXSourcesBuildPhase;
			buildActionMask = 2147483647;
			files = (
			);
			runOnlyForDeploymentPostprocessing = 0;
		};
		5D07A9362FD7F1AC005C6995 /* Sources */ = {
			isa = PBXSourcesBuildPhase;
			buildActionMask = 2147483647;
			files = (
			);
			runOnlyForDeploymentPostprocessing = 0;
		};
		5D07A9402FD7F1AC005C6995 /* Sources */ = {
			isa = PBXSourcesBuildPhase;
			buildActionMask = 2147483647;
			files = (
			);
			runOnlyForDeploymentPostprocessing = 0;
		};
/* End PBXSourcesBuildPhase section */

/* Begin PBXTargetDependency section */
		5D07A93C2FD7F1AC005C6995 /* PBXTargetDependency */ = {
			isa = PBXTargetDependency;
			target = 5D07A92C2FD7F1AA005C6995 /* EVO_ALPSE */;
			targetProxy = 5D07A93B2FD7F1AC005C6995 /* PBXContainerItemProxy */;
		};
		5D07A9462FD7F1AC005C6995 /* PBXTargetDependency */ = {
			isa = PBXTargetDependency;
			target = 5D07A92C2FD7F1AA005C6995 /* EVO_ALPSE */;
			targetProxy = 5D07A9452FD7F1AC005C6995 /* PBXContainerItemProxy */;
		};
/* End PBXTargetDependency section */

/* Begin XCBuildConfiguration section */
		5D07A94C2FD7F1AC005C6995 /* Debug */ = {
			isa = XCBuildConfiguration;
			buildSettings = {
				ALWAYS_SEARCH_USER_PATHS = NO;
				ASSETCATALOG_COMPILER_GENERATE_SWIFT_ASSET_SYMBOL_EXTENSIONS = YES;
				CLANG_ANALYZER_NONNULL = YES;
				CLANG_ANALYZER_NUMBER_OBJECT_CONVERSION = YES_AGGRESSIVE;
				CLANG_CXX_LANGUAGE_STANDARD = "gnu++20";
				CLANG_ENABLE_MODULES = YES;
				CLANG_ENABLE_OBJC_ARC = YES;
				CLANG_ENABLE_OBJC_WEAK = YES;
				CLANG_WARN_BLOCK_CAPTURE_AUTORELEASING = YES;
				CLANG_WARN_BOOL_CONVERSION = YES;
				CLANG_WARN_COMMA = YES;
				CLANG_WARN_CONSTANT_CONVERSION = YES;
				CLANG_WARN_DEPRECATED_OBJC_IMPLEMENTATIONS = YES;
				CLANG_WARN_DIRECT_OBJC_ISA_USAGE = YES_ERROR;
				CLANG_WARN_DOCUMENTATION_COMMENTS = YES;
				CLANG_WARN_EMPTY_BODY = YES;
				CLANG_WARN_ENUM_CONVERSION = YES;
				CLANG_WARN_INFINITE_RECURSION = YES;
				CLANG_WARN_INT_CONVERSION = YES;
				CLANG_WARN_NON_LITERAL_NULL_CONVERSION = YES;
				CLANG_WARN_OBJC_IMPLICIT_RETAIN_SELF = YES;
				CLANG_WARN_OBJC_LITERAL_CONVERSION = YES;
				CLANG_WARN_OBJC_ROOT_CLASS = YES_ERROR;
				CLANG_WARN_QUOTED_INCLUDE_IN_FRAMEWORK_HEADER = YES;
				CLANG_WARN_RANGE_LOOP_ANALYSIS = YES;
				CLANG_WARN_STRICT_PROTOTYPES = YES;
				CLANG_WARN_SUSPICIOUS_MOVE = YES;
				CLANG_WARN_UNGUARDED_AVAILABILITY = YES_AGGRESSIVE;
				CLANG_WARN_UNREACHABLE_CODE = YES;
				CLANG_WARN__DUPLICATE_METHOD_MATCH = YES;
				COPY_PHASE_STRIP = NO;
				DEBUG_INFORMATION_FORMAT = dwarf;
				DEVELOPMENT_TEAM = 5QMAM42TRH;
				ENABLE_STRICT_OBJC_MSGSEND = YES;
				ENABLE_TESTABILITY = YES;
				ENABLE_USER_SCRIPT_SANDBOXING = YES;
				GCC_C_LANGUAGE_STANDARD = gnu17;
				GCC_DYNAMIC_NO_PIC = NO;
				GCC_NO_COMMON_BLOCKS = YES;
				GCC_OPTIMIZATION_LEVEL = 0;
				GCC_PREPROCESSOR_DEFINITIONS = (
					"DEBUG=1",
					"$(inherited)",
				);
				GCC_WARN_64_TO_32_BIT_CONVERSION = YES;
				GCC_WARN_ABOUT_RETURN_TYPE = YES_ERROR;
				GCC_WARN_UNDECLARED_SELECTOR = YES;
				GCC_WARN_UNINITIALIZED_AUTOS = YES_AGGRESSIVE;
				GCC_WARN_UNUSED_FUNCTION = YES;
				GCC_WARN_UNUSED_VARIABLE = YES;
				IPHONEOS_DEPLOYMENT_TARGET = 18.5;
				LOCALIZATION_PREFERS_STRING_CATALOGS = YES;
				MTL_ENABLE_DEBUG_INFO = INCLUDE_SOURCE;
				MTL_FAST_MATH = YES;
				ONLY_ACTIVE_ARCH = YES;
				SDKROOT = iphoneos;
				SWIFT_ACTIVE_COMPILATION_CONDITIONS = "DEBUG $(inherited)";
				SWIFT_OPTIMIZATION_LEVEL = "-Onone";
			};
			name = Debug;
		};
		5D07A94D2FD7F1AC005C6995 /* Release */ = {
			isa = XCBuildConfiguration;
			buildSettings = {
				ALWAYS_SEARCH_USER_PATHS = NO;
				ASSETCATALOG_COMPILER_GENERATE_SWIFT_ASSET_SYMBOL_EXTENSIONS = YES;
				CLANG_ANALYZER_NONNULL = YES;
				CLANG_ANALYZER_NUMBER_OBJECT_CONVERSION = YES_AGGRESSIVE;
				CLANG_CXX_LANGUAGE_STANDARD = "gnu++20";
				CLANG_ENABLE_MODULES = YES;
				CLANG_ENABLE_OBJC_ARC = YES;
				CLANG_ENABLE_OBJC_WEAK = YES;
				CLANG_WARN_BLOCK_CAPTURE_AUTORELEASING = YES;
				CLANG_WARN_BOOL_CONVERSION = YES;
				CLANG_WARN_COMMA = YES;
				CLANG_WARN_CONSTANT_CONVERSION = YES;
				CLANG_WARN_DEPRECATED_OBJC_IMPLEMENTATIONS = YES;
				CLANG_WARN_DIRECT_OBJC_ISA_USAGE = YES_ERROR;
				CLANG_WARN_DOCUMENTATION_COMMENTS = YES;
				CLANG_WARN_EMPTY_BODY = YES;
				CLANG_WARN_ENUM_CONVERSION = YES;
				CLANG_WARN_INFINITE_RECURSION = YES;
				CLANG_WARN_INT_CONVERSION = YES;
				CLANG_WARN_NON_LITERAL_NULL_CONVERSION = YES;
				CLANG_WARN_OBJC_IMPLICIT_RETAIN_SELF = YES;
				CLANG_WARN_OBJC_LITERAL_CONVERSION = YES;
				CLANG_WARN_OBJC_ROOT_CLASS = YES_ERROR;
				CLANG_WARN_QUOTED_INCLUDE_IN_FRAMEWORK_HEADER = YES;
				CLANG_WARN_RANGE_LOOP_ANALYSIS = YES;
				CLANG_WARN_STRICT_PROTOTYPES = YES;
				CLANG_WARN_SUSPICIOUS_MOVE = YES;
				CLANG_WARN_UNGUARDED_AVAILABILITY = YES_AGGRESSIVE;
				CLANG_WARN_UNREACHABLE_CODE = YES;
				CLANG_WARN__DUPLICATE_METHOD_MATCH = YES;
				COPY_PHASE_STRIP = NO;
				DEBUG_INFORMATION_FORMAT = "dwarf-with-dsym";
				DEVELOPMENT_TEAM = 5QMAM42TRH;
				ENABLE_NS_ASSERTIONS = NO;
				ENABLE_STRICT_OBJC_MSGSEND = YES;
				ENABLE_USER_SCRIPT_SANDBOXING = YES;
				GCC_C_LANGUAGE_STANDARD = gnu17;
				GCC_NO_COMMON_BLOCKS = YES;
				GCC_WARN_64_TO_32_BIT_CONVERSION = YES;
				GCC_WARN_ABOUT_RETURN_TYPE = YES_ERROR;
				GCC_WARN_UNDECLARED_SELECTOR = YES;
				GCC_WARN_UNINITIALIZED_AUTOS = YES_AGGRESSIVE;
				GCC_WARN_UNUSED_FUNCTION = YES;
				GCC_WARN_UNUSED_VARIABLE = YES;
				IPHONEOS_DEPLOYMENT_TARGET = 18.5;
				LOCALIZATION_PREFERS_STRING_CATALOGS = YES;
				MTL_ENABLE_DEBUG_INFO = NO;
				MTL_FAST_MATH = YES;
				SDKROOT = iphoneos;
				SWIFT_COMPILATION_MODE = wholemodule;
				VALIDATE_PRODUCT = YES;
			};
			name = Release;
		};
		5D07A94F2FD7F1AC005C6995 /* Debug */ = {
			isa = XCBuildConfiguration;
			buildSettings = {
				ASSETCATALOG_COMPILER_APPICON_NAME = AppIcon;
				ASSETCATALOG_COMPILER_GLOBAL_ACCENT_COLOR_NAME = AccentColor;
				CODE_SIGN_STYLE = Automatic;
				CURRENT_PROJECT_VERSION = 1;
				DEVELOPMENT_TEAM = 5QMAM42TRH;
				ENABLE_PREVIEWS = YES;
				GENERATE_INFOPLIST_FILE = YES;
				INFOPLIST_KEY_UIApplicationSceneManifest_Generation = YES;
				INFOPLIST_KEY_UIApplicationSupportsIndirectInputEvents = YES;
				INFOPLIST_KEY_UILaunchScreen_Generation = YES;
				INFOPLIST_KEY_UISupportedInterfaceOrientations_iPad = "UIInterfaceOrientationPortrait UIInterfaceOrientationPortraitUpsideDown UIInterfaceOrientationLandscapeLeft UIInterfaceOrientationLandscapeRight";
				INFOPLIST_KEY_UISupportedInterfaceOrientations_iPhone = "UIInterfaceOrientationPortrait UIInterfaceOrientationLandscapeLeft UIInterfaceOrientationLandscapeRight";
				LD_RUNPATH_SEARCH_PATHS = (
					"$(inherited)",
					"@executable_path/Frameworks",
				);
				MARKETING_VERSION = 1.0;
				OTHER_LDFLAGS = "-ObjC";
				PRODUCT_BUNDLE_IDENTIFIER = "SE.EVO-ALPSE";
				PRODUCT_NAME = "$(TARGET_NAME)";
				SWIFT_EMIT_LOC_STRINGS = YES;
				SWIFT_VERSION = 5.0;
				TARGETED_DEVICE_FAMILY = "1,2";
			};
			name = Debug;
		};
		5D07A9502FD7F1AC005C6995 /* Release */ = {
			isa = XCBuildConfiguration;
			buildSettings = {
				ASSETCATALOG_COMPILER_APPICON_NAME = AppIcon;
				ASSETCATALOG_COMPILER_GLOBAL_ACCENT_COLOR_NAME = AccentColor;
				CODE_SIGN_STYLE = Automatic;
				CURRENT_PROJECT_VERSION = 1;
				DEVELOPMENT_TEAM = 5QMAM42TRH;
				ENABLE_PREVIEWS = YES;
				GENERATE_INFOPLIST_FILE = YES;
				INFOPLIST_KEY_UIApplicationSceneManifest_Generation = YES;
				INFOPLIST_KEY_UIApplicationSupportsIndirectInputEvents = YES;
				INFOPLIST_KEY_UILaunchScreen_Generation = YES;
				INFOPLIST_KEY_UISupportedInterfaceOrientations_iPad = "UIInterfaceOrientationPortrait UIInterfaceOrientationPortraitUpsideDown UIInterfaceOrientationLandscapeLeft UIInterfaceOrientationLandscapeRight";
				INFOPLIST_KEY_UISupportedInterfaceOrientations_iPhone = "UIInterfaceOrientationPortrait UIInterfaceOrientationLandscapeLeft UIInterfaceOrientationLandscapeRight";
				LD_RUNPATH_SEARCH_PATHS = (
					"$(inherited)",
					"@executable_path/Frameworks",
				);
				MARKETING_VERSION = 1.0;
				OTHER_LDFLAGS = "-ObjC";
				PRODUCT_BUNDLE_IDENTIFIER = "SE.EVO-ALPSE";
				PRODUCT_NAME = "$(TARGET_NAME)";
				SWIFT_EMIT_LOC_STRINGS = YES;
				SWIFT_VERSION = 5.0;
				TARGETED_DEVICE_FAMILY = "1,2";
			};
			name = Release;
		};
		5D07A9522FD7F1AC005C6995 /* Debug */ = {
			isa = XCBuildConfiguration;
			buildSettings = {
				BUNDLE_LOADER = "$(TEST_HOST)";
				CODE_SIGN_STYLE = Automatic;
				CURRENT_PROJECT_VERSION = 1;
				DEVELOPMENT_TEAM = 5QMAM42TRH;
				GENERATE_INFOPLIST_FILE = YES;
				IPHONEOS_DEPLOYMENT_TARGET = 18.5;
				MARKETING_VERSION = 1.0;
				PRODUCT_BUNDLE_IDENTIFIER = "SE.EVO-ALPSETests";
				PRODUCT_NAME = "$(TARGET_NAME)";
				SWIFT_EMIT_LOC_STRINGS = NO;
				SWIFT_VERSION = 5.0;
				TARGETED_DEVICE_FAMILY = "1,2";
				TEST_HOST = "$(BUILT_PRODUCTS_DIR)/EVO_ALPSE.app/$(BUNDLE_EXECUTABLE_FOLDER_PATH)/EVO_ALPSE";
			};
			name = Debug;
		};
		5D07A9532FD7F1AC005C6995 /* Release */ = {
			isa = XCBuildConfiguration;
			buildSettings = {
				BUNDLE_LOADER = "$(TEST_HOST)";
				CODE_SIGN_STYLE = Automatic;
				CURRENT_PROJECT_VERSION = 1;
				DEVELOPMENT_TEAM = 5QMAM42TRH;
				GENERATE_INFOPLIST_FILE = YES;
				IPHONEOS_DEPLOYMENT_TARGET = 18.5;
				MARKETING_VERSION = 1.0;
				PRODUCT_BUNDLE_IDENTIFIER = "SE.EVO-ALPSETests";
				PRODUCT_NAME = "$(TARGET_NAME)";
				SWIFT_EMIT_LOC_STRINGS = NO;
				SWIFT_VERSION = 5.0;
				TARGETED_DEVICE_FAMILY = "1,2";
				TEST_HOST = "$(BUILT_PRODUCTS_DIR)/EVO_ALPSE.app/$(BUNDLE_EXECUTABLE_FOLDER_PATH)/EVO_ALPSE";
			};
			name = Release;
		};
		5D07A9552FD7F1AC005C6995 /* Debug */ = {
			isa = XCBuildConfiguration;
			buildSettings = {
				CODE_SIGN_STYLE = Automatic;
				CURRENT_PROJECT_VERSION = 1;
				DEVELOPMENT_TEAM = 5QMAM42TRH;
				GENERATE_INFOPLIST_FILE = YES;
				MARKETING_VERSION = 1.0;
				OTHER_LDFLAGS = "-ObjC";
				PRODUCT_BUNDLE_IDENTIFIER = "SE.EVO-ALPSEUITests";
				PRODUCT_NAME = "$(TARGET_NAME)";
				SWIFT_EMIT_LOC_STRINGS = NO;
				SWIFT_VERSION = 5.0;
				TARGETED_DEVICE_FAMILY = "1,2";
				TEST_TARGET_NAME = EVO_ALPSE;
			};
			name = Debug;
		};
		5D07A9562FD7F1AC005C6995 /* Release */ = {
			isa = XCBuildConfiguration;
			buildSettings = {
				CODE_SIGN_STYLE = Automatic;
				CURRENT_PROJECT_VERSION = 1;
				DEVELOPMENT_TEAM = 5QMAM42TRH;
				GENERATE_INFOPLIST_FILE = YES;
				MARKETING_VERSION = 1.0;
				OTHER_LDFLAGS = "-ObjC";
				PRODUCT_BUNDLE_IDENTIFIER = "SE.EVO-ALPSEUITests";
				PRODUCT_NAME = "$(TARGET_NAME)";
				SWIFT_EMIT_LOC_STRINGS = NO;
				SWIFT_VERSION = 5.0;
				TARGETED_DEVICE_FAMILY = "1,2";
				TEST_TARGET_NAME = EVO_ALPSE;
			};
			name = Release;
		};
/* End XCBuildConfiguration section */

/* Begin XCConfigurationList section */
		5D07A9282FD7F1AA005C6995 /* Build configuration list for PBXProject "EVO_ALPSE" */ = {
			isa = XCConfigurationList;
			buildConfigurations = (
				5D07A94C2FD7F1AC005C6995 /* Debug */,
				5D07A94D2FD7F1AC005C6995 /* Release */,
			);
			defaultConfigurationIsVisible = 0;
			defaultConfigurationName = Release;
		};
		5D07A94E2FD7F1AC005C6995 /* Build configuration list for PBXNativeTarget "EVO_ALPSE" */ = {
			isa = XCConfigurationList;
			buildConfigurations = (
				5D07A94F2FD7F1AC005C6995 /* Debug */,
				5D07A9502FD7F1AC005C6995 /* Release */,
			);
			defaultConfigurationIsVisible = 0;
			defaultConfigurationName = Release;
		};
		5D07A9512FD7F1AC005C6995 /* Build configuration list for PBXNativeTarget "EVO_ALPSETests" */ = {
			isa = XCConfigurationList;
			buildConfigurations = (
				5D07A9522FD7F1AC005C6995 /* Debug */,
				5D07A9532FD7F1AC005C6995 /* Release */,
			);
			defaultConfigurationIsVisible = 0;
			defaultConfigurationName = Release;
		};
		5D07A9542FD7F1AC005C6995 /* Build configuration list for PBXNativeTarget "EVO_ALPSEUITests" */ = {
			isa = XCConfigurationList;
			buildConfigurations = (
				5D07A9552FD7F1AC005C6995 /* Debug */,
				5D07A9562FD7F1AC005C6995 /* Release */,
			);
			defaultConfigurationIsVisible = 0;
			defaultConfigurationName = Release;
		};
/* End XCConfigurationList section */

/* Begin XCRemoteSwiftPackageReference section */
		98E9D188B58DA9499CA33A12 /* XCRemoteSwiftPackageReference "firebase-ios-sdk" */ = {
			isa = XCRemoteSwiftPackageReference;
			repositoryURL = "https://github.com/firebase/firebase-ios-sdk";
			requirement = {
				kind = upToNextMajorVersion;
				minimumVersion = 11.0.0;
			};
		};
/* End XCRemoteSwiftPackageReference section */

/* Begin XCSwiftPackageProductDependency section */
		289B945A8DF118385245167C /* FirebaseAuth */ = {
			isa = XCSwiftPackageProductDependency;
			package = 98E9D188B58DA9499CA33A12 /* XCRemoteSwiftPackageReference "firebase-ios-sdk" */;
			productName = FirebaseAuth;
		};
		5DA79BAA2FD9B84A00B75844 /* FirebaseAI */ = {
			isa = XCSwiftPackageProductDependency;
			package = 98E9D188B58DA9499CA33A12 /* XCRemoteSwiftPackageReference "firebase-ios-sdk" */;
			productName = FirebaseAI;
		};
		5DA79BAC2FD9B84A00B75844 /* FirebaseAnalytics */ = {
			isa = XCSwiftPackageProductDependency;
			package = 98E9D188B58DA9499CA33A12 /* XCRemoteSwiftPackageReference "firebase-ios-sdk" */;
			productName = FirebaseAnalytics;
		};
		5DA79BAE2FD9B84A00B75844 /* FirebaseAnalyticsCore */ = {
			isa = XCSwiftPackageProductDependency;
			package = 98E9D188B58DA9499CA33A12 /* XCRemoteSwiftPackageReference "firebase-ios-sdk" */;
			productName = FirebaseAnalyticsCore;
		};
		5DA79BB02FD9B84A00B75844 /* FirebaseAnalyticsIdentitySupport */ = {
			isa = XCSwiftPackageProductDependency;
			package = 98E9D188B58DA9499CA33A12 /* XCRemoteSwiftPackageReference "firebase-ios-sdk" */;
			productName = FirebaseAnalyticsIdentitySupport;
		};
		5DA79BB42FD9B84A00B75844 /* FirebaseAnalyticsWithoutAdIdSupport */ = {
			isa = XCSwiftPackageProductDependency;
			package = 98E9D188B58DA9499CA33A12 /* XCRemoteSwiftPackageReference "firebase-ios-sdk" */;
			productName = FirebaseAnalyticsWithoutAdIdSupport;
		};
		5DA79BB62FD9B84A00B75844 /* FirebaseAppCheck */ = {
			isa = XCSwiftPackageProductDependency;
			package = 98E9D188B58DA9499CA33A12 /* XCRemoteSwiftPackageReference "firebase-ios-sdk" */;
			productName = FirebaseAppCheck;
		};
		5DA79BB82FD9B84A00B75844 /* FirebaseAppDistribution-Beta */ = {
			isa = XCSwiftPackageProductDependency;
			package = 98E9D188B58DA9499CA33A12 /* XCRemoteSwiftPackageReference "firebase-ios-sdk" */;
			productName = "FirebaseAppDistribution-Beta";
		};
		5DA79BBA2FD9B85000B75844 /* FirebaseAuthCombine-Community */ = {
			isa = XCSwiftPackageProductDependency;
			package = 98E9D188B58DA9499CA33A12 /* XCRemoteSwiftPackageReference "firebase-ios-sdk" */;
			productName = "FirebaseAuthCombine-Community";
		};
		5DA79BBC2FD9B85800B75844 /* FirebaseCrashlytics */ = {
			isa = XCSwiftPackageProductDependency;
			package = 98E9D188B58DA9499CA33A12 /* XCRemoteSwiftPackageReference "firebase-ios-sdk" */;
			productName = FirebaseCrashlytics;
		};
		5DA79BBE2FD9B85800B75844 /* FirebaseDatabase */ = {
			isa = XCSwiftPackageProductDependency;
			package = 98E9D188B58DA9499CA33A12 /* XCRemoteSwiftPackageReference "firebase-ios-sdk" */;
			productName = FirebaseDatabase;
		};
		5DA79BC02FD9B85800B75844 /* FirebaseDynamicLinks */ = {
			isa = XCSwiftPackageProductDependency;
			package = 98E9D188B58DA9499CA33A12 /* XCRemoteSwiftPackageReference "firebase-ios-sdk" */;
			productName = FirebaseDynamicLinks;
		};
		5DA79BC22FD9B86200B75844 /* FirebaseFirestoreCombine-Community */ = {
			isa = XCSwiftPackageProductDependency;
			package = 98E9D188B58DA9499CA33A12 /* XCRemoteSwiftPackageReference "firebase-ios-sdk" */;
			productName = "FirebaseFirestoreCombine-Community";
		};
		5DA79BC42FD9B86200B75844 /* FirebaseFunctions */ = {
			isa = XCSwiftPackageProductDependency;
			package = 98E9D188B58DA9499CA33A12 /* XCRemoteSwiftPackageReference "firebase-ios-sdk" */;
			productName = FirebaseFunctions;
		};
		5DA79BC62FD9B86200B75844 /* FirebaseFunctionsCombine-Community */ = {
			isa = XCSwiftPackageProductDependency;
			package = 98E9D188B58DA9499CA33A12 /* XCRemoteSwiftPackageReference "firebase-ios-sdk" */;
			productName = "FirebaseFunctionsCombine-Community";
		};
		5DA79BC82FD9B86200B75844 /* FirebaseInAppMessaging-Beta */ = {
			isa = XCSwiftPackageProductDependency;
			package = 98E9D188B58DA9499CA33A12 /* XCRemoteSwiftPackageReference "firebase-ios-sdk" */;
			productName = "FirebaseInAppMessaging-Beta";
		};
		5DA79BCA2FD9B86200B75844 /* FirebaseInstallations */ = {
			isa = XCSwiftPackageProductDependency;
			package = 98E9D188B58DA9499CA33A12 /* XCRemoteSwiftPackageReference "firebase-ios-sdk" */;
			productName = FirebaseInstallations;
		};
		5DA79BCC2FD9B86200B75844 /* FirebaseMessaging */ = {
			isa = XCSwiftPackageProductDependency;
			package = 98E9D188B58DA9499CA33A12 /* XCRemoteSwiftPackageReference "firebase-ios-sdk" */;
			productName = FirebaseMessaging;
		};
		5DA79BCE2FD9B86200B75844 /* FirebaseMLModelDownloader */ = {
			isa = XCSwiftPackageProductDependency;
			package = 98E9D188B58DA9499CA33A12 /* XCRemoteSwiftPackageReference "firebase-ios-sdk" */;
			productName = FirebaseMLModelDownloader;
		};
		5DA79BD02FD9B86200B75844 /* FirebasePerformance */ = {
			isa = XCSwiftPackageProductDependency;
			package = 98E9D188B58DA9499CA33A12 /* XCRemoteSwiftPackageReference "firebase-ios-sdk" */;
			productName = FirebasePerformance;
		};
		5DA79BD22FD9B86200B75844 /* FirebaseRemoteConfig */ = {
			isa = XCSwiftPackageProductDependency;
			package = 98E9D188B58DA9499CA33A12 /* XCRemoteSwiftPackageReference "firebase-ios-sdk" */;
			productName = FirebaseRemoteConfig;
		};
		5DA79BD42FD9B86200B75844 /* FirebaseStorage */ = {
			isa = XCSwiftPackageProductDependency;
			package = 98E9D188B58DA9499CA33A12 /* XCRemoteSwiftPackageReference "firebase-ios-sdk" */;
			productName = FirebaseStorage;
		};
		5DA79BD62FD9B86200B75844 /* FirebaseStorageCombine-Community */ = {
			isa = XCSwiftPackageProductDependency;
			package = 98E9D188B58DA9499CA33A12 /* XCRemoteSwiftPackageReference "firebase-ios-sdk" */;
			productName = "FirebaseStorageCombine-Community";
		};
		824504D1351C602448D9306A /* FirebaseCore */ = {
			isa = XCSwiftPackageProductDependency;
			package = 98E9D188B58DA9499CA33A12 /* XCRemoteSwiftPackageReference "firebase-ios-sdk" */;
			productName = FirebaseCore;
		};
		87C66D333AE065E762965005 /* FirebaseFirestore */ = {
			isa = XCSwiftPackageProductDependency;
			package = 98E9D188B58DA9499CA33A12 /* XCRemoteSwiftPackageReference "firebase-ios-sdk" */;
			productName = FirebaseFirestore;
		};
		C0ED0FF2C20656D26DD615CB /* FirebaseFirestore */ = {
			isa = XCSwiftPackageProductDependency;
			package = 98E9D188B58DA9499CA33A12 /* XCRemoteSwiftPackageReference "firebase-ios-sdk" */;
			productName = FirebaseFirestore;
		};
		CA93B27ED8A7E1DDA31D95C7 /* FirebaseCore */ = {
			isa = XCSwiftPackageProductDependency;
			package = 98E9D188B58DA9499CA33A12 /* XCRemoteSwiftPackageReference "firebase-ios-sdk" */;
			productName = FirebaseCore;
		};
		EEB2F0E9C43697AA7E692B41 /* FirebaseAuth */ = {
			isa = XCSwiftPackageProductDependency;
			package = 98E9D188B58DA9499CA33A12 /* XCRemoteSwiftPackageReference "firebase-ios-sdk" */;
			productName = FirebaseAuth;
		};
/* End XCSwiftPackageProductDependency section */
	};
	rootObject = 5D07A9252FD7F1AA005C6995 /* Project object */;
}
